{
  "object": {
    "pins": [
      {
        "package": "Facebook",
        "repositoryURL": "https://github.com/facebook/facebook-ios-sdk",
        "state": {
          "branch": null,
          "revision": "df7adad973b4eb877708b73b11039c97d27be529",
          "version": "12.0.0"
        }
      }
    ]
  },
  "version": 1
}
